
Microsoft Visual Studio Solution File, Format Version 12.00
# Visual Studio 2012
Project("{FAE04EC0-301F-11D3-BF4B-00C04F79EFBC}") = "WebGarten2", "WebGarten2\WebGarten2.csproj", "{7CFC4BB7-9673-4082-9806-893F3EFC5DFC}"
EndProject
Project("{FAE04EC0-301F-11D3-BF4B-00C04F79EFBC}") = "WebGarten2.Demos.First", "WebGarten2.Demos.First\WebGarten2.Demos.First.csproj", "{9686B641-41D0-42BD-BBD1-8F12F844C610}"
EndProject
Project("{FAE04EC0-301F-11D3-BF4B-00C04F79EFBC}") = "WebGarten2.Demos.Second", "WebGarten2.Demos.Second\WebGarten2.Demos.Second.csproj", "{9932CA20-3F51-40A7-A387-496C2EC63E97}"
EndProject
Project("{FAE04EC0-301F-11D3-BF4B-00C04F79EFBC}") = "WebGarten2.Demos.Todos", "WebGarten2.Demos.Todos\WebGarten2.Demos.Todos.csproj", "{B444268C-4778-48ED-A664-2B07FD0DC6EE}"
EndProject
Project("{FAE04EC0-301F-11D3-BF4B-00C04F79EFBC}") = "WebGarten2.Tests", "WebGarten2.Tests\WebGarten2.Tests.csproj", "{B5434F45-1D40-42CF-A78B-CB781E150FF9}"
EndProject
Project("{FAE04EC0-301F-11D3-BF4B-00C04F79EFBC}") = "SpotiChelas", "SpotiChelas\SpotiChelas.csproj", "{BC9E9AF5-7017-4DBA-A1BB-E109BC430C6D}"
EndProject
Global
	GlobalSection(SolutionConfigurationPlatforms) = preSolution
		Debug|Any CPU = Debug|Any CPU
		Debug|ARM = Debug|ARM
		Debug|x64 = Debug|x64
		Debug|x86 = Debug|x86
		Release|Any CPU = Release|Any CPU
		Release|ARM = Release|ARM
		Release|x64 = Release|x64
		Release|x86 = Release|x86
	EndGlobalSection
	GlobalSection(ProjectConfigurationPlatforms) = postSolution
		{7CFC4BB7-9673-4082-9806-893F3EFC5DFC}.Debug|Any CPU.ActiveCfg = Debug|Any CPU
		{7CFC4BB7-9673-4082-9806-893F3EFC5DFC}.Debug|Any CPU.Build.0 = Debug|Any CPU
		{7CFC4BB7-9673-4082-9806-893F3EFC5DFC}.Debug|ARM.ActiveCfg = Debug|Any CPU
		{7CFC4BB7-9673-4082-9806-893F3EFC5DFC}.Debug|x64.ActiveCfg = Debug|Any CPU
		{7CFC4BB7-9673-4082-9806-893F3EFC5DFC}.Debug|x86.ActiveCfg = Debug|Any CPU
		{7CFC4BB7-9673-4082-9806-893F3EFC5DFC}.Release|Any CPU.ActiveCfg = Release|Any CPU
		{7CFC4BB7-9673-4082-9806-893F3EFC5DFC}.Release|Any CPU.Build.0 = Release|Any CPU
		{7CFC4BB7-9673-4082-9806-893F3EFC5DFC}.Release|ARM.ActiveCfg = Release|Any CPU
		{7CFC4BB7-9673-4082-9806-893F3EFC5DFC}.Release|x64.ActiveCfg = Release|Any CPU
		{7CFC4BB7-9673-4082-9806-893F3EFC5DFC}.Release|x86.ActiveCfg = Release|Any CPU
		{9686B641-41D0-42BD-BBD1-8F12F844C610}.Debug|Any CPU.ActiveCfg = Debug|Any CPU
		{9686B641-41D0-42BD-BBD1-8F12F844C610}.Debug|Any CPU.Build.0 = Debug|Any CPU
		{9686B641-41D0-42BD-BBD1-8F12F844C610}.Debug|ARM.ActiveCfg = Debug|Any CPU
		{9686B641-41D0-42BD-BBD1-8F12F844C610}.Debug|x64.ActiveCfg = Debug|Any CPU
		{9686B641-41D0-42BD-BBD1-8F12F844C610}.Debug|x86.ActiveCfg = Debug|Any CPU
		{9686B641-41D0-42BD-BBD1-8F12F844C610}.Release|Any CPU.ActiveCfg = Release|Any CPU
		{9686B641-41D0-42BD-BBD1-8F12F844C610}.Release|Any CPU.Build.0 = Release|Any CPU
		{9686B641-41D0-42BD-BBD1-8F12F844C610}.Release|ARM.ActiveCfg = Release|Any CPU
		{9686B641-41D0-42BD-BBD1-8F12F844C610}.Release|x64.ActiveCfg = Release|Any CPU
		{9686B641-41D0-42BD-BBD1-8F12F844C610}.Release|x86.ActiveCfg = Release|Any CPU
		{9932CA20-3F51-40A7-A387-496C2EC63E97}.Debug|Any CPU.ActiveCfg = Debug|Any CPU
		{9932CA20-3F51-40A7-A387-496C2EC63E97}.Debug|Any CPU.Build.0 = Debug|Any CPU
		{9932CA20-3F51-40A7-A387-496C2EC63E97}.Debug|ARM.ActiveCfg = Debug|Any CPU
		{9932CA20-3F51-40A7-A387-496C2EC63E97}.Debug|x64.ActiveCfg = Debug|Any CPU
		{9932CA20-3F51-40A7-A387-496C2EC63E97}.Debug|x86.ActiveCfg = Debug|Any CPU
		{9932CA20-3F51-40A7-A387-496C2EC63E97}.Release|Any CPU.ActiveCfg = Release|Any CPU
		{9932CA20-3F51-40A7-A387-496C2EC63E97}.Release|Any CPU.Build.0 = Release|Any CPU
		{9932CA20-3F51-40A7-A387-496C2EC63E97}.Release|ARM.ActiveCfg = Release|Any CPU
		{9932CA20-3F51-40A7-A387-496C2EC63E97}.Release|x64.ActiveCfg = Release|Any CPU
		{9932CA20-3F51-40A7-A387-496C2EC63E97}.Release|x86.ActiveCfg = Release|Any CPU
		{B444268C-4778-48ED-A664-2B07FD0DC6EE}.Debug|Any CPU.ActiveCfg = Debug|Any CPU
		{B444268C-4778-48ED-A664-2B07FD0DC6EE}.Debug|Any CPU.Build.0 = Debug|Any CPU
		{B444268C-4778-48ED-A664-2B07FD0DC6EE}.Debug|ARM.ActiveCfg = Debug|Any CPU
		{B444268C-4778-48ED-A664-2B07FD0DC6EE}.Debug|x64.ActiveCfg = Debug|Any CPU
		{B444268C-4778-48ED-A664-2B07FD0DC6EE}.Debug|x86.ActiveCfg = Debug|Any CPU
		{B444268C-4778-48ED-A664-2B07FD0DC6EE}.Release|Any CPU.ActiveCfg = Release|Any CPU
		{B444268C-4778-48ED-A664-2B07FD0DC6EE}.Release|Any CPU.Build.0 = Release|Any CPU
		{B444268C-4778-48ED-A664-2B07FD0DC6EE}.Release|ARM.ActiveCfg = Release|Any CPU
		{B444268C-4778-48ED-A664-2B07FD0DC6EE}.Release|x64.ActiveCfg = Release|Any CPU
		{B444268C-4778-48ED-A664-2B07FD0DC6EE}.Release|x86.ActiveCfg = Release|Any CPU
		{B5434F45-1D40-42CF-A78B-CB781E150FF9}.Debug|Any CPU.ActiveCfg = Debug|Any CPU
		{B5434F45-1D40-42CF-A78B-CB781E150FF9}.Debug|Any CPU.Build.0 = Debug|Any CPU
		{B5434F45-1D40-42CF-A78B-CB781E150FF9}.Debug|ARM.ActiveCfg = Debug|Any CPU
		{B5434F45-1D40-42CF-A78B-CB781E150FF9}.Debug|x64.ActiveCfg = Debug|Any CPU
		{B5434F45-1D40-42CF-A78B-CB781E150FF9}.Debug|x86.ActiveCfg = Debug|Any CPU
		{B5434F45-1D40-42CF-A78B-CB781E150FF9}.Release|Any CPU.ActiveCfg = Release|Any CPU
		{B5434F45-1D40-42CF-A78B-CB781E150FF9}.Release|Any CPU.Build.0 = Release|Any CPU
		{B5434F45-1D40-42CF-A78B-CB781E150FF9}.Release|ARM.ActiveCfg = Release|Any CPU
		{B5434F45-1D40-42CF-A78B-CB781E150FF9}.Release|x64.ActiveCfg = Release|Any CPU
		{B5434F45-1D40-42CF-A78B-CB781E150FF9}.Release|x86.ActiveCfg = Release|Any CPU
		{BC9E9AF5-7017-4DBA-A1BB-E109BC430C6D}.Debug|Any CPU.ActiveCfg = Debug|Any CPU
		{BC9E9AF5-7017-4DBA-A1BB-E109BC430C6D}.Debug|Any CPU.Build.0 = Debug|Any CPU
		{BC9E9AF5-7017-4DBA-A1BB-E109BC430C6D}.Debug|ARM.ActiveCfg = Debug|Any CPU
		{BC9E9AF5-7017-4DBA-A1BB-E109BC430C6D}.Debug|x64.ActiveCfg = Debug|Any CPU
		{BC9E9AF5-7017-4DBA-A1BB-E109BC430C6D}.Debug|x86.ActiveCfg = Debug|Any CPU
		{BC9E9AF5-7017-4DBA-A1BB-E109BC430C6D}.Release|Any CPU.ActiveCfg = Release|Any CPU
		{BC9E9AF5-7017-4DBA-A1BB-E109BC430C6D}.Release|Any CPU.Build.0 = Release|Any CPU
		{BC9E9AF5-7017-4DBA-A1BB-E109BC430C6D}.Release|ARM.ActiveCfg = Release|Any CPU
		{BC9E9AF5-7017-4DBA-A1BB-E109BC430C6D}.Release|x64.ActiveCfg = Release|Any CPU
		{BC9E9AF5-7017-4DBA-A1BB-E109BC430C6D}.Release|x86.ActiveCfg = Release|Any CPU
	EndGlobalSection
	GlobalSection(SolutionProperties) = preSolution
		HideSolutionNode = FALSE
	EndGlobalSection
EndGlobal
