
Microsoft Visual Studio Solution File, Format Version 12.00
# Visual Studio 2012
Project("{FAE04EC0-301F-11D3-BF4B-00C04F79EFBC}") = "WebGarten2", "WebGarten2\WebGarten2.csproj", "{7CFC4BB7-9673-4082-9806-893F3EFC5DFC}"
EndProject
Project("{FAE04EC0-301F-11D3-BF4B-00C04F79EFBC}") = "WebGarten2.Demos.First", "WebGarten2.Demos.First\WebGarten2.Demos.First.csproj", "{9686B641-41D0-42BD-BBD1-8F12F844C610}"
EndProject
Project("{FAE04EC0-301F-11D3-BF4B-00C04F79EFBC}") = "WebGarten2.Demos.Second", "WebGarten2.Demos.Second\WebGarten2.Demos.Second.csproj", "{9932CA20-3F51-40A7-A387-496C2EC63E97}"
EndProject
Project("{FAE04EC0-301F-11D3-BF4B-00C04F79EFBC}") = "WebGarten2.Demos.Todos", "WebGarten2.Demos.Todos\WebGarten2.Demos.Todos.csproj", "{B444268C-4778-48ED-A664-2B07FD0DC6EE}"
EndProject
Project("{FAE04EC0-301F-11D3-BF4B-00C04F79EFBC}") = "WebGarten2.Tests", "WebGarten2.Tests\WebGarten2.Tests.csproj", "{B5434F45-1D40-42CF-A78B-CB781E150FF9}"
EndProject
Project("{FAE04EC0-301F-11D3-BF4B-00C04F79EFBC}") = "SpotiChelas", "SpotiChelas\SpotiChelas.csproj", "{BC9E9AF5-7017-4DBA-A1BB-E109BC430C6D}"
EndProject
Project("{2150E333-8FDC-42A3-9474-1A3956D46DE8}") = "PresentationLayer", "PresentationLayer", "{32958F39-1AA2-49F3-A28D-BA99931C7628}"
EndProject
Project("{2150E333-8FDC-42A3-9474-1A3956D46DE8}") = "DomainLayer", "DomainLayer", "{EDC6A0F1-62AB-42E0-8E10-11D9B602EAA7}"
EndProject
Project("{2150E333-8FDC-42A3-9474-1A3956D46DE8}") = "DataAccessLayer", "DataAccessLayer", "{EEBDA66A-2E52-4FAF-AE65-0179D0A22202}"
EndProject
Project("{FAE04EC0-301F-11D3-BF4B-00C04F79EFBC}") = "Controllers", "Controllers\Controllers.csproj", "{86889E8D-3B96-4AE5-8820-63C338CB34C9}"
EndProject
Project("{FAE04EC0-301F-11D3-BF4B-00C04F79EFBC}") = "Views", "Views\Views.csproj", "{C6B0B4CB-F91D-4570-A3B7-78DF7F35C3A5}"
EndProject
Project("{FAE04EC0-301F-11D3-BF4B-00C04F79EFBC}") = "DataAccess", "DataAccess\DataAccess.csproj", "{21AFCCD5-D6B1-4158-9DAC-028A2693B27B}"
EndProject
Project("{FAE04EC0-301F-11D3-BF4B-00C04F79EFBC}") = "Logic", "Logic\Logic.csproj", "{3554E605-C3D7-474D-BE7C-B13CA5F14C35}"
EndProject
Project("{FAE04EC0-301F-11D3-BF4B-00C04F79EFBC}") = "Utils", "Utils\Utils.csproj", "{88FAF17D-C105-427B-A1AF-58C60CB15CB1}"
EndProject
Project("{FAE04EC0-301F-11D3-BF4B-00C04F79EFBC}") = "Entities", "Entities\Entities.csproj", "{DA155D36-5A52-4D01-A70F-FFD6FF04EF8E}"
EndProject
Global
	GlobalSection(SolutionConfigurationPlatforms) = preSolution
		Debug|Any CPU = Debug|Any CPU
		Debug|ARM = Debug|ARM
		Debug|x64 = Debug|x64
		Debug|x86 = Debug|x86
		Release|Any CPU = Release|Any CPU
		Release|ARM = Release|ARM
		Release|x64 = Release|x64
		Release|x86 = Release|x86
	EndGlobalSection
	GlobalSection(ProjectConfigurationPlatforms) = postSolution
		{7CFC4BB7-9673-4082-9806-893F3EFC5DFC}.Debug|Any CPU.ActiveCfg = Debug|Any CPU
		{7CFC4BB7-9673-4082-9806-893F3EFC5DFC}.Debug|Any CPU.Build.0 = Debug|Any CPU
		{7CFC4BB7-9673-4082-9806-893F3EFC5DFC}.Debug|ARM.ActiveCfg = Debug|Any CPU
		{7CFC4BB7-9673-4082-9806-893F3EFC5DFC}.Debug|x64.ActiveCfg = Debug|Any CPU
		{7CFC4BB7-9673-4082-9806-893F3EFC5DFC}.Debug|x86.ActiveCfg = Debug|Any CPU
		{7CFC4BB7-9673-4082-9806-893F3EFC5DFC}.Release|Any CPU.ActiveCfg = Release|Any CPU
		{7CFC4BB7-9673-4082-9806-893F3EFC5DFC}.Release|Any CPU.Build.0 = Release|Any CPU
		{7CFC4BB7-9673-4082-9806-893F3EFC5DFC}.Release|ARM.ActiveCfg = Release|Any CPU
		{7CFC4BB7-9673-4082-9806-893F3EFC5DFC}.Release|x64.ActiveCfg = Release|Any CPU
		{7CFC4BB7-9673-4082-9806-893F3EFC5DFC}.Release|x86.ActiveCfg = Release|Any CPU
		{9686B641-41D0-42BD-BBD1-8F12F844C610}.Debug|Any CPU.ActiveCfg = Debug|Any CPU
		{9686B641-41D0-42BD-BBD1-8F12F844C610}.Debug|Any CPU.Build.0 = Debug|Any CPU
		{9686B641-41D0-42BD-BBD1-8F12F844C610}.Debug|ARM.ActiveCfg = Debug|Any CPU
		{9686B641-41D0-42BD-BBD1-8F12F844C610}.Debug|x64.ActiveCfg = Debug|Any CPU
		{9686B641-41D0-42BD-BBD1-8F12F844C610}.Debug|x86.ActiveCfg = Debug|Any CPU
		{9686B641-41D0-42BD-BBD1-8F12F844C610}.Release|Any CPU.ActiveCfg = Release|Any CPU
		{9686B641-41D0-42BD-BBD1-8F12F844C610}.Release|Any CPU.Build.0 = Release|Any CPU
		{9686B641-41D0-42BD-BBD1-8F12F844C610}.Release|ARM.ActiveCfg = Release|Any CPU
		{9686B641-41D0-42BD-BBD1-8F12F844C610}.Release|x64.ActiveCfg = Release|Any CPU
		{9686B641-41D0-42BD-BBD1-8F12F844C610}.Release|x86.ActiveCfg = Release|Any CPU
		{9932CA20-3F51-40A7-A387-496C2EC63E97}.Debug|Any CPU.ActiveCfg = Debug|Any CPU
		{9932CA20-3F51-40A7-A387-496C2EC63E97}.Debug|Any CPU.Build.0 = Debug|Any CPU
		{9932CA20-3F51-40A7-A387-496C2EC63E97}.Debug|ARM.ActiveCfg = Debug|Any CPU
		{9932CA20-3F51-40A7-A387-496C2EC63E97}.Debug|x64.ActiveCfg = Debug|Any CPU
		{9932CA20-3F51-40A7-A387-496C2EC63E97}.Debug|x86.ActiveCfg = Debug|Any CPU
		{9932CA20-3F51-40A7-A387-496C2EC63E97}.Release|Any CPU.ActiveCfg = Release|Any CPU
		{9932CA20-3F51-40A7-A387-496C2EC63E97}.Release|Any CPU.Build.0 = Release|Any CPU
		{9932CA20-3F51-40A7-A387-496C2EC63E97}.Release|ARM.ActiveCfg = Release|Any CPU
		{9932CA20-3F51-40A7-A387-496C2EC63E97}.Release|x64.ActiveCfg = Release|Any CPU
		{9932CA20-3F51-40A7-A387-496C2EC63E97}.Release|x86.ActiveCfg = Release|Any CPU
		{B444268C-4778-48ED-A664-2B07FD0DC6EE}.Debug|Any CPU.ActiveCfg = Debug|Any CPU
		{B444268C-4778-48ED-A664-2B07FD0DC6EE}.Debug|Any CPU.Build.0 = Debug|Any CPU
		{B444268C-4778-48ED-A664-2B07FD0DC6EE}.Debug|ARM.ActiveCfg = Debug|Any CPU
		{B444268C-4778-48ED-A664-2B07FD0DC6EE}.Debug|x64.ActiveCfg = Debug|Any CPU
		{B444268C-4778-48ED-A664-2B07FD0DC6EE}.Debug|x86.ActiveCfg = Debug|Any CPU
		{B444268C-4778-48ED-A664-2B07FD0DC6EE}.Release|Any CPU.ActiveCfg = Release|Any CPU
		{B444268C-4778-48ED-A664-2B07FD0DC6EE}.Release|Any CPU.Build.0 = Release|Any CPU
		{B444268C-4778-48ED-A664-2B07FD0DC6EE}.Release|ARM.ActiveCfg = Release|Any CPU
		{B444268C-4778-48ED-A664-2B07FD0DC6EE}.Release|x64.ActiveCfg = Release|Any CPU
		{B444268C-4778-48ED-A664-2B07FD0DC6EE}.Release|x86.ActiveCfg = Release|Any CPU
		{B5434F45-1D40-42CF-A78B-CB781E150FF9}.Debug|Any CPU.ActiveCfg = Debug|Any CPU
		{B5434F45-1D40-42CF-A78B-CB781E150FF9}.Debug|Any CPU.Build.0 = Debug|Any CPU
		{B5434F45-1D40-42CF-A78B-CB781E150FF9}.Debug|ARM.ActiveCfg = Debug|Any CPU
		{B5434F45-1D40-42CF-A78B-CB781E150FF9}.Debug|x64.ActiveCfg = Debug|Any CPU
		{B5434F45-1D40-42CF-A78B-CB781E150FF9}.Debug|x86.ActiveCfg = Debug|Any CPU
		{B5434F45-1D40-42CF-A78B-CB781E150FF9}.Release|Any CPU.ActiveCfg = Release|Any CPU
		{B5434F45-1D40-42CF-A78B-CB781E150FF9}.Release|Any CPU.Build.0 = Release|Any CPU
		{B5434F45-1D40-42CF-A78B-CB781E150FF9}.Release|ARM.ActiveCfg = Release|Any CPU
		{B5434F45-1D40-42CF-A78B-CB781E150FF9}.Release|x64.ActiveCfg = Release|Any CPU
		{B5434F45-1D40-42CF-A78B-CB781E150FF9}.Release|x86.ActiveCfg = Release|Any CPU
		{BC9E9AF5-7017-4DBA-A1BB-E109BC430C6D}.Debug|Any CPU.ActiveCfg = Debug|Any CPU
		{BC9E9AF5-7017-4DBA-A1BB-E109BC430C6D}.Debug|Any CPU.Build.0 = Debug|Any CPU
		{BC9E9AF5-7017-4DBA-A1BB-E109BC430C6D}.Debug|ARM.ActiveCfg = Debug|Any CPU
		{BC9E9AF5-7017-4DBA-A1BB-E109BC430C6D}.Debug|x64.ActiveCfg = Debug|Any CPU
		{BC9E9AF5-7017-4DBA-A1BB-E109BC430C6D}.Debug|x86.ActiveCfg = Debug|Any CPU
		{BC9E9AF5-7017-4DBA-A1BB-E109BC430C6D}.Release|Any CPU.ActiveCfg = Release|Any CPU
		{BC9E9AF5-7017-4DBA-A1BB-E109BC430C6D}.Release|Any CPU.Build.0 = Release|Any CPU
		{BC9E9AF5-7017-4DBA-A1BB-E109BC430C6D}.Release|ARM.ActiveCfg = Release|Any CPU
		{BC9E9AF5-7017-4DBA-A1BB-E109BC430C6D}.Release|x64.ActiveCfg = Release|Any CPU
		{BC9E9AF5-7017-4DBA-A1BB-E109BC430C6D}.Release|x86.ActiveCfg = Release|Any CPU
		{86889E8D-3B96-4AE5-8820-63C338CB34C9}.Debug|Any CPU.ActiveCfg = Debug|Any CPU
		{86889E8D-3B96-4AE5-8820-63C338CB34C9}.Debug|Any CPU.Build.0 = Debug|Any CPU
		{86889E8D-3B96-4AE5-8820-63C338CB34C9}.Debug|ARM.ActiveCfg = Debug|Any CPU
		{86889E8D-3B96-4AE5-8820-63C338CB34C9}.Debug|x64.ActiveCfg = Debug|Any CPU
		{86889E8D-3B96-4AE5-8820-63C338CB34C9}.Debug|x86.ActiveCfg = Debug|Any CPU
		{86889E8D-3B96-4AE5-8820-63C338CB34C9}.Release|Any CPU.ActiveCfg = Release|Any CPU
		{86889E8D-3B96-4AE5-8820-63C338CB34C9}.Release|Any CPU.Build.0 = Release|Any CPU
		{86889E8D-3B96-4AE5-8820-63C338CB34C9}.Release|ARM.ActiveCfg = Release|Any CPU
		{86889E8D-3B96-4AE5-8820-63C338CB34C9}.Release|x64.ActiveCfg = Release|Any CPU
		{86889E8D-3B96-4AE5-8820-63C338CB34C9}.Release|x86.ActiveCfg = Release|Any CPU
		{C6B0B4CB-F91D-4570-A3B7-78DF7F35C3A5}.Debug|Any CPU.ActiveCfg = Debug|Any CPU
		{C6B0B4CB-F91D-4570-A3B7-78DF7F35C3A5}.Debug|Any CPU.Build.0 = Debug|Any CPU
		{C6B0B4CB-F91D-4570-A3B7-78DF7F35C3A5}.Debug|ARM.ActiveCfg = Debug|Any CPU
		{C6B0B4CB-F91D-4570-A3B7-78DF7F35C3A5}.Debug|x64.ActiveCfg = Debug|Any CPU
		{C6B0B4CB-F91D-4570-A3B7-78DF7F35C3A5}.Debug|x86.ActiveCfg = Debug|Any CPU
		{C6B0B4CB-F91D-4570-A3B7-78DF7F35C3A5}.Release|Any CPU.ActiveCfg = Release|Any CPU
		{C6B0B4CB-F91D-4570-A3B7-78DF7F35C3A5}.Release|Any CPU.Build.0 = Release|Any CPU
		{C6B0B4CB-F91D-4570-A3B7-78DF7F35C3A5}.Release|ARM.ActiveCfg = Release|Any CPU
		{C6B0B4CB-F91D-4570-A3B7-78DF7F35C3A5}.Release|x64.ActiveCfg = Release|Any CPU
		{C6B0B4CB-F91D-4570-A3B7-78DF7F35C3A5}.Release|x86.ActiveCfg = Release|Any CPU
		{21AFCCD5-D6B1-4158-9DAC-028A2693B27B}.Debug|Any CPU.ActiveCfg = Debug|Any CPU
		{21AFCCD5-D6B1-4158-9DAC-028A2693B27B}.Debug|Any CPU.Build.0 = Debug|Any CPU
		{21AFCCD5-D6B1-4158-9DAC-028A2693B27B}.Debug|ARM.ActiveCfg = Debug|Any CPU
		{21AFCCD5-D6B1-4158-9DAC-028A2693B27B}.Debug|x64.ActiveCfg = Debug|Any CPU
		{21AFCCD5-D6B1-4158-9DAC-028A2693B27B}.Debug|x86.ActiveCfg = Debug|Any CPU
		{21AFCCD5-D6B1-4158-9DAC-028A2693B27B}.Release|Any CPU.ActiveCfg = Release|Any CPU
		{21AFCCD5-D6B1-4158-9DAC-028A2693B27B}.Release|Any CPU.Build.0 = Release|Any CPU
		{21AFCCD5-D6B1-4158-9DAC-028A2693B27B}.Release|ARM.ActiveCfg = Release|Any CPU
		{21AFCCD5-D6B1-4158-9DAC-028A2693B27B}.Release|x64.ActiveCfg = Release|Any CPU
		{21AFCCD5-D6B1-4158-9DAC-028A2693B27B}.Release|x86.ActiveCfg = Release|Any CPU
		{3554E605-C3D7-474D-BE7C-B13CA5F14C35}.Debug|Any CPU.ActiveCfg = Debug|Any CPU
		{3554E605-C3D7-474D-BE7C-B13CA5F14C35}.Debug|Any CPU.Build.0 = Debug|Any CPU
		{3554E605-C3D7-474D-BE7C-B13CA5F14C35}.Debug|ARM.ActiveCfg = Debug|Any CPU
		{3554E605-C3D7-474D-BE7C-B13CA5F14C35}.Debug|x64.ActiveCfg = Debug|Any CPU
		{3554E605-C3D7-474D-BE7C-B13CA5F14C35}.Debug|x86.ActiveCfg = Debug|Any CPU
		{3554E605-C3D7-474D-BE7C-B13CA5F14C35}.Release|Any CPU.ActiveCfg = Release|Any CPU
		{3554E605-C3D7-474D-BE7C-B13CA5F14C35}.Release|Any CPU.Build.0 = Release|Any CPU
		{3554E605-C3D7-474D-BE7C-B13CA5F14C35}.Release|ARM.ActiveCfg = Release|Any CPU
		{3554E605-C3D7-474D-BE7C-B13CA5F14C35}.Release|x64.ActiveCfg = Release|Any CPU
		{3554E605-C3D7-474D-BE7C-B13CA5F14C35}.Release|x86.ActiveCfg = Release|Any CPU
		{88FAF17D-C105-427B-A1AF-58C60CB15CB1}.Debug|Any CPU.ActiveCfg = Debug|Any CPU
		{88FAF17D-C105-427B-A1AF-58C60CB15CB1}.Debug|Any CPU.Build.0 = Debug|Any CPU
		{88FAF17D-C105-427B-A1AF-58C60CB15CB1}.Debug|ARM.ActiveCfg = Debug|Any CPU
		{88FAF17D-C105-427B-A1AF-58C60CB15CB1}.Debug|x64.ActiveCfg = Debug|Any CPU
		{88FAF17D-C105-427B-A1AF-58C60CB15CB1}.Debug|x86.ActiveCfg = Debug|Any CPU
		{88FAF17D-C105-427B-A1AF-58C60CB15CB1}.Release|Any CPU.ActiveCfg = Release|Any CPU
		{88FAF17D-C105-427B-A1AF-58C60CB15CB1}.Release|Any CPU.Build.0 = Release|Any CPU
		{88FAF17D-C105-427B-A1AF-58C60CB15CB1}.Release|ARM.ActiveCfg = Release|Any CPU
		{88FAF17D-C105-427B-A1AF-58C60CB15CB1}.Release|x64.ActiveCfg = Release|Any CPU
		{88FAF17D-C105-427B-A1AF-58C60CB15CB1}.Release|x86.ActiveCfg = Release|Any CPU
		{DA155D36-5A52-4D01-A70F-FFD6FF04EF8E}.Debug|Any CPU.ActiveCfg = Debug|Any CPU
		{DA155D36-5A52-4D01-A70F-FFD6FF04EF8E}.Debug|Any CPU.Build.0 = Debug|Any CPU
		{DA155D36-5A52-4D01-A70F-FFD6FF04EF8E}.Debug|ARM.ActiveCfg = Debug|Any CPU
		{DA155D36-5A52-4D01-A70F-FFD6FF04EF8E}.Debug|x64.ActiveCfg = Debug|Any CPU
		{DA155D36-5A52-4D01-A70F-FFD6FF04EF8E}.Debug|x86.ActiveCfg = Debug|Any CPU
		{DA155D36-5A52-4D01-A70F-FFD6FF04EF8E}.Release|Any CPU.ActiveCfg = Release|Any CPU
		{DA155D36-5A52-4D01-A70F-FFD6FF04EF8E}.Release|Any CPU.Build.0 = Release|Any CPU
		{DA155D36-5A52-4D01-A70F-FFD6FF04EF8E}.Release|ARM.ActiveCfg = Release|Any CPU
		{DA155D36-5A52-4D01-A70F-FFD6FF04EF8E}.Release|x64.ActiveCfg = Release|Any CPU
		{DA155D36-5A52-4D01-A70F-FFD6FF04EF8E}.Release|x86.ActiveCfg = Release|Any CPU
	EndGlobalSection
	GlobalSection(SolutionProperties) = preSolution
		HideSolutionNode = FALSE
	EndGlobalSection
	GlobalSection(NestedProjects) = preSolution
		{BC9E9AF5-7017-4DBA-A1BB-E109BC430C6D} = {32958F39-1AA2-49F3-A28D-BA99931C7628}
		{86889E8D-3B96-4AE5-8820-63C338CB34C9} = {32958F39-1AA2-49F3-A28D-BA99931C7628}
		{C6B0B4CB-F91D-4570-A3B7-78DF7F35C3A5} = {32958F39-1AA2-49F3-A28D-BA99931C7628}
		{88FAF17D-C105-427B-A1AF-58C60CB15CB1} = {32958F39-1AA2-49F3-A28D-BA99931C7628}
		{3554E605-C3D7-474D-BE7C-B13CA5F14C35} = {EDC6A0F1-62AB-42E0-8E10-11D9B602EAA7}
		{DA155D36-5A52-4D01-A70F-FFD6FF04EF8E} = {EDC6A0F1-62AB-42E0-8E10-11D9B602EAA7}
		{21AFCCD5-D6B1-4158-9DAC-028A2693B27B} = {EEBDA66A-2E52-4FAF-AE65-0179D0A22202}
	EndGlobalSection
EndGlobal
